// !$*UTF8*$!
{
	archiveVersion = 1;
	classes = {
	};
	objectVersion = 46;
	objects = {

/* Begin PBXBuildFile section */
		130E299217AB473F00553480 /* GHUnitIOS.framework in Frameworks */ = {isa = PBXBuildFile; fileRef = 130E299117AB473F00553480 /* GHUnitIOS.framework */; };
		132BE25717A89ECC00B0299E /* Default-568h@2x.png in Resources */ = {isa = PBXBuildFile; fileRef = 132BE25617A89ECC00B0299E /* Default-568h@2x.png */; };
		132BE25917A89EF400B0299E /* button_next_w@2x.png in Resources */ = {isa = PBXBuildFile; fileRef = 13E5FD8A17A63FAC0054A0EE /* button_next_w@2x.png */; };
		132BE25A17A89EF400B0299E /* button_previous_w@2x.png in Resources */ = {isa = PBXBuildFile; fileRef = 13E5FD8C17A63FAC0054A0EE /* button_previous_w@2x.png */; };
		132BE25B17A89EF400B0299E /* button_previous_w.png in Resources */ = {isa = PBXBuildFile; fileRef = 13E5FD8B17A63FAC0054A0EE /* button_previous_w.png */; };
		132BE25C17A89EF400B0299E /* top_button_disable.png in Resources */ = {isa = PBXBuildFile; fileRef = 13ABD2FC17A0F4AD00BF3339 /* top_button_disable.png */; };
		132BE25D17A89EF400B0299E /* button_next_w.png in Resources */ = {isa = PBXBuildFile; fileRef = 13E5FD8917A63FAC0054A0EE /* button_next_w.png */; };
		132BE25E17A89EF400B0299E /* top_button_disable@2x.png in Resources */ = {isa = PBXBuildFile; fileRef = 13ABD2FD17A0F4AD00BF3339 /* top_button_disable@2x.png */; };
		132BE25F17A89EF400B0299E /* icon_refresh@2x.png in Resources */ = {isa = PBXBuildFile; fileRef = 13ABD2F917A0F29000BF3339 /* icon_refresh@2x.png */; };
		132BE26017A89EF400B0299E /* icon_refresh.png in Resources */ = {isa = PBXBuildFile; fileRef = 13ABD2F817A0F29000BF3339 /* icon_refresh.png */; };
		132BE26117A89F0F00B0299E /* Default.png in Resources */ = {isa = PBXBuildFile; fileRef = 13ABD2D617A0D28200BF3339 /* Default.png */; };
		132BE26217A89F0F00B0299E /* Default@2x.png in Resources */ = {isa = PBXBuildFile; fileRef = 13ABD2D817A0D28200BF3339 /* Default@2x.png */; };
		132BE26317A89F0F00B0299E /* Default-568h@2x.png in Resources */ = {isa = PBXBuildFile; fileRef = 13ABD2DA17A0D28200BF3339 /* Default-568h@2x.png */; };
		132BE26417A89F1A00B0299E /* ViewController_iPhone.xib in Resources */ = {isa = PBXBuildFile; fileRef = 13ABD2DF17A0D28200BF3339 /* ViewController_iPhone.xib */; };
		132BE26517A89F1A00B0299E /* ViewController_iPad.xib in Resources */ = {isa = PBXBuildFile; fileRef = 13ABD2E217A0D28200BF3339 /* ViewController_iPad.xib */; };
		132BE26617A89F1A00B0299E /* SecondViewController.xib in Resources */ = {isa = PBXBuildFile; fileRef = 13ABD2F117A0D2C900BF3339 /* SecondViewController.xib */; };
		132BE26717A89F1A00B0299E /* SecondViewController~iPad.xib in Resources */ = {isa = PBXBuildFile; fileRef = 13ABD2F617A0D3AE00BF3339 /* SecondViewController~iPad.xib */; };
		132BE27517A89F8F00B0299E /* UTViewController.m in Sources */ = {isa = PBXBuildFile; fileRef = 132BE27317A89F8F00B0299E /* UTViewController.m */; };
		132BE27617A89F8F00B0299E /* UTViewController.xib in Resources */ = {isa = PBXBuildFile; fileRef = 132BE27417A89F8F00B0299E /* UTViewController.xib */; };
		132BE2B317A916F500B0299E /* NSObject+SBJson.m in Sources */ = {isa = PBXBuildFile; fileRef = 132BE29B17A916F500B0299E /* NSObject+SBJson.m */; };
		132BE2B417A916F500B0299E /* SBJsonParser.m in Sources */ = {isa = PBXBuildFile; fileRef = 132BE29E17A916F500B0299E /* SBJsonParser.m */; };
		132BE2B517A916F500B0299E /* SBJsonStreamParser.m in Sources */ = {isa = PBXBuildFile; fileRef = 132BE2A017A916F500B0299E /* SBJsonStreamParser.m */; };
		132BE2B617A916F500B0299E /* SBJsonStreamParserAccumulator.m in Sources */ = {isa = PBXBuildFile; fileRef = 132BE2A217A916F500B0299E /* SBJsonStreamParserAccumulator.m */; };
		132BE2B717A916F500B0299E /* SBJsonStreamParserAdapter.m in Sources */ = {isa = PBXBuildFile; fileRef = 132BE2A417A916F500B0299E /* SBJsonStreamParserAdapter.m */; };
		132BE2B817A916F500B0299E /* SBJsonStreamParserState.m in Sources */ = {isa = PBXBuildFile; fileRef = 132BE2A617A916F500B0299E /* SBJsonStreamParserState.m */; };
		132BE2B917A916F500B0299E /* SBJsonStreamWriter.m in Sources */ = {isa = PBXBuildFile; fileRef = 132BE2A817A916F500B0299E /* SBJsonStreamWriter.m */; };
		132BE2BA17A916F500B0299E /* SBJsonStreamWriterAccumulator.m in Sources */ = {isa = PBXBuildFile; fileRef = 132BE2AA17A916F500B0299E /* SBJsonStreamWriterAccumulator.m */; };
		132BE2BB17A916F500B0299E /* SBJsonStreamWriterState.m in Sources */ = {isa = PBXBuildFile; fileRef = 132BE2AC17A916F500B0299E /* SBJsonStreamWriterState.m */; };
		132BE2BC17A916F500B0299E /* SBJsonTokeniser.m in Sources */ = {isa = PBXBuildFile; fileRef = 132BE2AE17A916F500B0299E /* SBJsonTokeniser.m */; };
		132BE2BD17A916F500B0299E /* SBJsonUTF8Stream.m in Sources */ = {isa = PBXBuildFile; fileRef = 132BE2B017A916F500B0299E /* SBJsonUTF8Stream.m */; };
		132BE2BE17A916F500B0299E /* SBJsonWriter.m in Sources */ = {isa = PBXBuildFile; fileRef = 132BE2B217A916F500B0299E /* SBJsonWriter.m */; };
		132BE2C117A9181C00B0299E /* a.txt in Resources */ = {isa = PBXBuildFile; fileRef = 132BE2C017A9181C00B0299E /* a.txt */; };
		134F3ECF17A250720027A888 /* BaseViewController.m in Sources */ = {isa = PBXBuildFile; fileRef = 134F3ECD17A250720027A888 /* BaseViewController.m */; };
		138812E617A7CE3A002CA59B /* QuartzCore.framework in Frameworks */ = {isa = PBXBuildFile; fileRef = 138812E517A7CE3A002CA59B /* QuartzCore.framework */; };
		138812E817A7CE73002CA59B /* ViewController.h in Sources */ = {isa = PBXBuildFile; fileRef = 13ABD2DC17A0D28200BF3339 /* ViewController.h */; };
		138812E917A7CE73002CA59B /* ViewController.m in Sources */ = {isa = PBXBuildFile; fileRef = 13ABD2DD17A0D28200BF3339 /* ViewController.m */; };
		138812EA17A7CE73002CA59B /* BaseViewController.h in Sources */ = {isa = PBXBuildFile; fileRef = 134F3ECC17A250720027A888 /* BaseViewController.h */; };
		138812EB17A7CE73002CA59B /* BaseViewController.m in Sources */ = {isa = PBXBuildFile; fileRef = 134F3ECD17A250720027A888 /* BaseViewController.m */; };
		138812EC17A7CE73002CA59B /* SecondViewController.h in Sources */ = {isa = PBXBuildFile; fileRef = 13ABD2EF17A0D2C900BF3339 /* SecondViewController.h */; };
		138812ED17A7CE73002CA59B /* SecondViewController.m in Sources */ = {isa = PBXBuildFile; fileRef = 13ABD2F017A0D2C900BF3339 /* SecondViewController.m */; };
		1392AE3017B0FCB5007F2EDD /* box_blue.png in Resources */ = {isa = PBXBuildFile; fileRef = 1392AE2C17B0FCB5007F2EDD /* box_blue.png */; };
		1392AE3117B0FCB5007F2EDD /* box_blue@2x.png in Resources */ = {isa = PBXBuildFile; fileRef = 1392AE2D17B0FCB5007F2EDD /* box_blue@2x.png */; };
		1392AE3217B0FCB5007F2EDD /* box_green.png in Resources */ = {isa = PBXBuildFile; fileRef = 1392AE2E17B0FCB5007F2EDD /* box_green.png */; };
		1392AE3317B0FCB5007F2EDD /* box_green@2x.png in Resources */ = {isa = PBXBuildFile; fileRef = 1392AE2F17B0FCB5007F2EDD /* box_green@2x.png */; };
		1392AE3817B0FDD1007F2EDD /* ListCell.m in Sources */ = {isa = PBXBuildFile; fileRef = 1392AE3617B0FDD1007F2EDD /* ListCell.m */; };
		1392AE3917B0FDD1007F2EDD /* ListCell.xib in Resources */ = {isa = PBXBuildFile; fileRef = 1392AE3717B0FDD1007F2EDD /* ListCell.xib */; };
		13ABD2C517A0D28200BF3339 /* UIKit.framework in Frameworks */ = {isa = PBXBuildFile; fileRef = 13ABD2C417A0D28200BF3339 /* UIKit.framework */; };
		13ABD2C717A0D28200BF3339 /* Foundation.framework in Frameworks */ = {isa = PBXBuildFile; fileRef = 13ABD2C617A0D28200BF3339 /* Foundation.framework */; };
		13ABD2C917A0D28200BF3339 /* CoreGraphics.framework in Frameworks */ = {isa = PBXBuildFile; fileRef = 13ABD2C817A0D28200BF3339 /* CoreGraphics.framework */; };
		13ABD2CF17A0D28200BF3339 /* InfoPlist.strings in Resources */ = {isa = PBXBuildFile; fileRef = 13ABD2CD17A0D28200BF3339 /* InfoPlist.strings */; };
		13ABD2D117A0D28200BF3339 /* main.m in Sources */ = {isa = PBXBuildFile; fileRef = 13ABD2D017A0D28200BF3339 /* main.m */; };
		13ABD2D517A0D28200BF3339 /* AppDelegate.m in Sources */ = {isa = PBXBuildFile; fileRef = 13ABD2D417A0D28200BF3339 /* AppDelegate.m */; };
		13ABD2D717A0D28200BF3339 /* Default.png in Resources */ = {isa = PBXBuildFile; fileRef = 13ABD2D617A0D28200BF3339 /* Default.png */; };
		13ABD2D917A0D28200BF3339 /* Default@2x.png in Resources */ = {isa = PBXBuildFile; fileRef = 13ABD2D817A0D28200BF3339 /* Default@2x.png */; };
		13ABD2DB17A0D28200BF3339 /* Default-568h@2x.png in Resources */ = {isa = PBXBuildFile; fileRef = 13ABD2DA17A0D28200BF3339 /* Default-568h@2x.png */; };
		13ABD2DE17A0D28200BF3339 /* ViewController.m in Sources */ = {isa = PBXBuildFile; fileRef = 13ABD2DD17A0D28200BF3339 /* ViewController.m */; };
		13ABD2E117A0D28200BF3339 /* ViewController_iPhone.xib in Resources */ = {isa = PBXBuildFile; fileRef = 13ABD2DF17A0D28200BF3339 /* ViewController_iPhone.xib */; };
		13ABD2E417A0D28200BF3339 /* ViewController_iPad.xib in Resources */ = {isa = PBXBuildFile; fileRef = 13ABD2E217A0D28200BF3339 /* ViewController_iPad.xib */; };
		13ABD2F217A0D2C900BF3339 /* SecondViewController.m in Sources */ = {isa = PBXBuildFile; fileRef = 13ABD2F017A0D2C900BF3339 /* SecondViewController.m */; };
		13ABD2F317A0D2C900BF3339 /* SecondViewController.xib in Resources */ = {isa = PBXBuildFile; fileRef = 13ABD2F117A0D2C900BF3339 /* SecondViewController.xib */; };
		13ABD2F717A0D3AE00BF3339 /* SecondViewController~iPad.xib in Resources */ = {isa = PBXBuildFile; fileRef = 13ABD2F617A0D3AE00BF3339 /* SecondViewController~iPad.xib */; };
		13ABD2FA17A0F29000BF3339 /* icon_refresh.png in Resources */ = {isa = PBXBuildFile; fileRef = 13ABD2F817A0F29000BF3339 /* icon_refresh.png */; };
		13ABD2FB17A0F29000BF3339 /* icon_refresh@2x.png in Resources */ = {isa = PBXBuildFile; fileRef = 13ABD2F917A0F29000BF3339 /* icon_refresh@2x.png */; };
		13ABD2FE17A0F4AD00BF3339 /* top_button_disable.png in Resources */ = {isa = PBXBuildFile; fileRef = 13ABD2FC17A0F4AD00BF3339 /* top_button_disable.png */; };
		13ABD2FF17A0F4AD00BF3339 /* top_button_disable@2x.png in Resources */ = {isa = PBXBuildFile; fileRef = 13ABD2FD17A0F4AD00BF3339 /* top_button_disable@2x.png */; };
		13D134CE17A78C0F00C7AD79 /* UIKit.framework in Frameworks */ = {isa = PBXBuildFile; fileRef = 13ABD2C417A0D28200BF3339 /* UIKit.framework */; };
		13D134CF17A78C0F00C7AD79 /* Foundation.framework in Frameworks */ = {isa = PBXBuildFile; fileRef = 13ABD2C617A0D28200BF3339 /* Foundation.framework */; };
		13D134D017A78C0F00C7AD79 /* CoreGraphics.framework in Frameworks */ = {isa = PBXBuildFile; fileRef = 13ABD2C817A0D28200BF3339 /* CoreGraphics.framework */; };
		13D134D617A78C1000C7AD79 /* InfoPlist.strings in Resources */ = {isa = PBXBuildFile; fileRef = 13D134D417A78C1000C7AD79 /* InfoPlist.strings */; };
		13D134D817A78C1000C7AD79 /* main.m in Sources */ = {isa = PBXBuildFile; fileRef = 13D134D717A78C1000C7AD79 /* main.m */; };
		13D134F017A78CAD00C7AD79 /* TableTest.m in Sources */ = {isa = PBXBuildFile; fileRef = 13D134EF17A78CAD00C7AD79 /* TableTest.m */; };
		13E5FD8D17A63FAC0054A0EE /* button_next_w.png in Resources */ = {isa = PBXBuildFile; fileRef = 13E5FD8917A63FAC0054A0EE /* button_next_w.png */; };
		13E5FD8E17A63FAC0054A0EE /* button_next_w@2x.png in Resources */ = {isa = PBXBuildFile; fileRef = 13E5FD8A17A63FAC0054A0EE /* button_next_w@2x.png */; };
		13E5FD8F17A63FAC0054A0EE /* button_previous_w.png in Resources */ = {isa = PBXBuildFile; fileRef = 13E5FD8B17A63FAC0054A0EE /* button_previous_w.png */; };
		13E5FD9017A63FAC0054A0EE /* button_previous_w@2x.png in Resources */ = {isa = PBXBuildFile; fileRef = 13E5FD8C17A63FAC0054A0EE /* button_previous_w@2x.png */; };
/* End PBXBuildFile section */

/* Begin PBXFileReference section */
		130E299117AB473F00553480 /* GHUnitIOS.framework */ = {isa = PBXFileReference; lastKnownFileType = wrapper.framework; path = GHUnitIOS.framework; sourceTree = "<group>"; };
		132BE25617A89ECC00B0299E /* Default-568h@2x.png */ = {isa = PBXFileReference; lastKnownFileType = image.png; path = "Default-568h@2x.png"; sourceTree = "<group>"; };
		132BE27217A89F8F00B0299E /* UTViewController.h */ = {isa = PBXFileReference; fileEncoding = 4; lastKnownFileType = sourcecode.c.h; path = UTViewController.h; sourceTree = "<group>"; };
		132BE27317A89F8F00B0299E /* UTViewController.m */ = {isa = PBXFileReference; fileEncoding = 4; lastKnownFileType = sourcecode.c.objc; path = UTViewController.m; sourceTree = "<group>"; };
		132BE27417A89F8F00B0299E /* UTViewController.xib */ = {isa = PBXFileReference; fileEncoding = 4; lastKnownFileType = file.xib; path = UTViewController.xib; sourceTree = "<group>"; };
		132BE29917A916F500B0299E /* JSON.h */ = {isa = PBXFileReference; fileEncoding = 4; lastKnownFileType = sourcecode.c.h; path = JSON.h; sourceTree = "<group>"; };
		132BE29A17A916F500B0299E /* NSObject+SBJson.h */ = {isa = PBXFileReference; fileEncoding = 4; lastKnownFileType = sourcecode.c.h; path = "NSObject+SBJson.h"; sourceTree = "<group>"; };
		132BE29B17A916F500B0299E /* NSObject+SBJson.m */ = {isa = PBXFileReference; fileEncoding = 4; lastKnownFileType = sourcecode.c.objc; path = "NSObject+SBJson.m"; sourceTree = "<group>"; };
		132BE29C17A916F500B0299E /* SBJson.h */ = {isa = PBXFileReference; fileEncoding = 4; lastKnownFileType = sourcecode.c.h; path = SBJson.h; sourceTree = "<group>"; };
		132BE29D17A916F500B0299E /* SBJsonParser.h */ = {isa = PBXFileReference; fileEncoding = 4; lastKnownFileType = sourcecode.c.h; path = SBJsonParser.h; sourceTree = "<group>"; };
		132BE29E17A916F500B0299E /* SBJsonParser.m */ = {isa = PBXFileReference; fileEncoding = 4; lastKnownFileType = sourcecode.c.objc; path = SBJsonParser.m; sourceTree = "<group>"; };
		132BE29F17A916F500B0299E /* SBJsonStreamParser.h */ = {isa = PBXFileReference; fileEncoding = 4; lastKnownFileType = sourcecode.c.h; path = SBJsonStreamParser.h; sourceTree = "<group>"; };
		132BE2A017A916F500B0299E /* SBJsonStreamParser.m */ = {isa = PBXFileReference; fileEncoding = 4; lastKnownFileType = sourcecode.c.objc; path = SBJsonStreamParser.m; sourceTree = "<group>"; };
		132BE2A117A916F500B0299E /* SBJsonStreamParserAccumulator.h */ = {isa = PBXFileReference; fileEncoding = 4; lastKnownFileType = sourcecode.c.h; path = SBJsonStreamParserAccumulator.h; sourceTree = "<group>"; };
		132BE2A217A916F500B0299E /* SBJsonStreamParserAccumulator.m */ = {isa = PBXFileReference; fileEncoding = 4; lastKnownFileType = sourcecode.c.objc; path = SBJsonStreamParserAccumulator.m; sourceTree = "<group>"; };
		132BE2A317A916F500B0299E /* SBJsonStreamParserAdapter.h */ = {isa = PBXFileReference; fileEncoding = 4; lastKnownFileType = sourcecode.c.h; path = SBJsonStreamParserAdapter.h; sourceTree = "<group>"; };
		132BE2A417A916F500B0299E /* SBJsonStreamParserAdapter.m */ = {isa = PBXFileReference; fileEncoding = 4; lastKnownFileType = sourcecode.c.objc; path = SBJsonStreamParserAdapter.m; sourceTree = "<group>"; };
		132BE2A517A916F500B0299E /* SBJsonStreamParserState.h */ = {isa = PBXFileReference; fileEncoding = 4; lastKnownFileType = sourcecode.c.h; path = SBJsonStreamParserState.h; sourceTree = "<group>"; };
		132BE2A617A916F500B0299E /* SBJsonStreamParserState.m */ = {isa = PBXFileReference; fileEncoding = 4; lastKnownFileType = sourcecode.c.objc; path = SBJsonStreamParserState.m; sourceTree = "<group>"; };
		132BE2A717A916F500B0299E /* SBJsonStreamWriter.h */ = {isa = PBXFileReference; fileEncoding = 4; lastKnownFileType = sourcecode.c.h; path = SBJsonStreamWriter.h; sourceTree = "<group>"; };
		132BE2A817A916F500B0299E /* SBJsonStreamWriter.m */ = {isa = PBXFileReference; fileEncoding = 4; lastKnownFileType = sourcecode.c.objc; path = SBJsonStreamWriter.m; sourceTree = "<group>"; };
		132BE2A917A916F500B0299E /* SBJsonStreamWriterAccumulator.h */ = {isa = PBXFileReference; fileEncoding = 4; lastKnownFileType = sourcecode.c.h; path = SBJsonStreamWriterAccumulator.h; sourceTree = "<group>"; };
		132BE2AA17A916F500B0299E /* SBJsonStreamWriterAccumulator.m */ = {isa = PBXFileReference; fileEncoding = 4; lastKnownFileType = sourcecode.c.objc; path = SBJsonStreamWriterAccumulator.m; sourceTree = "<group>"; };
		132BE2AB17A916F500B0299E /* SBJsonStreamWriterState.h */ = {isa = PBXFileReference; fileEncoding = 4; lastKnownFileType = sourcecode.c.h; path = SBJsonStreamWriterState.h; sourceTree = "<group>"; };
		132BE2AC17A916F500B0299E /* SBJsonStreamWriterState.m */ = {isa = PBXFileReference; fileEncoding = 4; lastKnownFileType = sourcecode.c.objc; path = SBJsonStreamWriterState.m; sourceTree = "<group>"; };
		132BE2AD17A916F500B0299E /* SBJsonTokeniser.h */ = {isa = PBXFileReference; fileEncoding = 4; lastKnownFileType = sourcecode.c.h; path = SBJsonTokeniser.h; sourceTree = "<group>"; };
		132BE2AE17A916F500B0299E /* SBJsonTokeniser.m */ = {isa = PBXFileReference; fileEncoding = 4; lastKnownFileType = sourcecode.c.objc; path = SBJsonTokeniser.m; sourceTree = "<group>"; };
		132BE2AF17A916F500B0299E /* SBJsonUTF8Stream.h */ = {isa = PBXFileReference; fileEncoding = 4; lastKnownFileType = sourcecode.c.h; path = SBJsonUTF8Stream.h; sourceTree = "<group>"; };
		132BE2B017A916F500B0299E /* SBJsonUTF8Stream.m */ = {isa = PBXFileReference; fileEncoding = 4; lastKnownFileType = sourcecode.c.objc; path = SBJsonUTF8Stream.m; sourceTree = "<group>"; };
		132BE2B117A916F500B0299E /* SBJsonWriter.h */ = {isa = PBXFileReference; fileEncoding = 4; lastKnownFileType = sourcecode.c.h; path = SBJsonWriter.h; sourceTree = "<group>"; };
		132BE2B217A916F500B0299E /* SBJsonWriter.m */ = {isa = PBXFileReference; fileEncoding = 4; lastKnownFileType = sourcecode.c.objc; path = SBJsonWriter.m; sourceTree = "<group>"; };
		132BE2C017A9181C00B0299E /* a.txt */ = {isa = PBXFileReference; fileEncoding = 4; lastKnownFileType = text; path = a.txt; sourceTree = "<group>"; };
		134F3ECC17A250720027A888 /* BaseViewController.h */ = {isa = PBXFileReference; fileEncoding = 4; lastKnownFileType = sourcecode.c.h; path = BaseViewController.h; sourceTree = "<group>"; };
		134F3ECD17A250720027A888 /* BaseViewController.m */ = {isa = PBXFileReference; fileEncoding = 4; lastKnownFileType = sourcecode.c.objc; path = BaseViewController.m; sourceTree = "<group>"; };
		138812E517A7CE3A002CA59B /* QuartzCore.framework */ = {isa = PBXFileReference; lastKnownFileType = wrapper.framework; name = QuartzCore.framework; path = System/Library/Frameworks/QuartzCore.framework; sourceTree = SDKROOT; };
		1392AE2C17B0FCB5007F2EDD /* box_blue.png */ = {isa = PBXFileReference; lastKnownFileType = image.png; path = box_blue.png; sourceTree = "<group>"; };
		1392AE2D17B0FCB5007F2EDD /* box_blue@2x.png */ = {isa = PBXFileReference; lastKnownFileType = image.png; path = "box_blue@2x.png"; sourceTree = "<group>"; };
		1392AE2E17B0FCB5007F2EDD /* box_green.png */ = {isa = PBXFileReference; lastKnownFileType = image.png; path = box_green.png; sourceTree = "<group>"; };
		1392AE2F17B0FCB5007F2EDD /* box_green@2x.png */ = {isa = PBXFileReference; lastKnownFileType = image.png; path = "box_green@2x.png"; sourceTree = "<group>"; };
		1392AE3517B0FDD1007F2EDD /* ListCell.h */ = {isa = PBXFileReference; fileEncoding = 4; lastKnownFileType = sourcecode.c.h; path = ListCell.h; sourceTree = "<group>"; };
		1392AE3617B0FDD1007F2EDD /* ListCell.m */ = {isa = PBXFileReference; fileEncoding = 4; lastKnownFileType = sourcecode.c.objc; path = ListCell.m; sourceTree = "<group>"; };
		1392AE3717B0FDD1007F2EDD /* ListCell.xib */ = {isa = PBXFileReference; fileEncoding = 4; lastKnownFileType = file.xib; path = ListCell.xib; sourceTree = "<group>"; };
		13ABD2C017A0D28200BF3339 /* Test.app */ = {isa = PBXFileReference; explicitFileType = wrapper.application; includeInIndex = 0; path = Test.app; sourceTree = BUILT_PRODUCTS_DIR; };
		13ABD2C417A0D28200BF3339 /* UIKit.framework */ = {isa = PBXFileReference; lastKnownFileType = wrapper.framework; name = UIKit.framework; path = System/Library/Frameworks/UIKit.framework; sourceTree = SDKROOT; };
		13ABD2C617A0D28200BF3339 /* Foundation.framework */ = {isa = PBXFileReference; lastKnownFileType = wrapper.framework; name = Foundation.framework; path = System/Library/Frameworks/Foundation.framework; sourceTree = SDKROOT; };
		13ABD2C817A0D28200BF3339 /* CoreGraphics.framework */ = {isa = PBXFileReference; lastKnownFileType = wrapper.framework; name = CoreGraphics.framework; path = System/Library/Frameworks/CoreGraphics.framework; sourceTree = SDKROOT; };
		13ABD2CC17A0D28200BF3339 /* Test-Info.plist */ = {isa = PBXFileReference; lastKnownFileType = text.plist.xml; path = "Test-Info.plist"; sourceTree = "<group>"; };
		13ABD2CE17A0D28200BF3339 /* en */ = {isa = PBXFileReference; lastKnownFileType = text.plist.strings; name = en; path = en.lproj/InfoPlist.strings; sourceTree = "<group>"; };
		13ABD2D017A0D28200BF3339 /* main.m */ = {isa = PBXFileReference; lastKnownFileType = sourcecode.c.objc; path = main.m; sourceTree = "<group>"; };
		13ABD2D217A0D28200BF3339 /* Test-Prefix.pch */ = {isa = PBXFileReference; lastKnownFileType = sourcecode.c.h; path = "Test-Prefix.pch"; sourceTree = "<group>"; };
		13ABD2D317A0D28200BF3339 /* AppDelegate.h */ = {isa = PBXFileReference; lastKnownFileType = sourcecode.c.h; path = AppDelegate.h; sourceTree = "<group>"; };
		13ABD2D417A0D28200BF3339 /* AppDelegate.m */ = {isa = PBXFileReference; lastKnownFileType = sourcecode.c.objc; path = AppDelegate.m; sourceTree = "<group>"; };
		13ABD2D617A0D28200BF3339 /* Default.png */ = {isa = PBXFileReference; lastKnownFileType = image.png; path = Default.png; sourceTree = "<group>"; };
		13ABD2D817A0D28200BF3339 /* Default@2x.png */ = {isa = PBXFileReference; lastKnownFileType = image.png; path = "Default@2x.png"; sourceTree = "<group>"; };
		13ABD2DA17A0D28200BF3339 /* Default-568h@2x.png */ = {isa = PBXFileReference; lastKnownFileType = image.png; path = "Default-568h@2x.png"; sourceTree = "<group>"; };
		13ABD2DC17A0D28200BF3339 /* ViewController.h */ = {isa = PBXFileReference; lastKnownFileType = sourcecode.c.h; path = ViewController.h; sourceTree = "<group>"; };
		13ABD2DD17A0D28200BF3339 /* ViewController.m */ = {isa = PBXFileReference; lastKnownFileType = sourcecode.c.objc; path = ViewController.m; sourceTree = "<group>"; };
		13ABD2E017A0D28200BF3339 /* en */ = {isa = PBXFileReference; lastKnownFileType = file.xib; name = en; path = en.lproj/ViewController_iPhone.xib; sourceTree = "<group>"; };
		13ABD2E317A0D28200BF3339 /* en */ = {isa = PBXFileReference; lastKnownFileType = file.xib; name = en; path = en.lproj/ViewController_iPad.xib; sourceTree = "<group>"; };
		13ABD2EF17A0D2C900BF3339 /* SecondViewController.h */ = {isa = PBXFileReference; fileEncoding = 4; lastKnownFileType = sourcecode.c.h; path = SecondViewController.h; sourceTree = "<group>"; };
		13ABD2F017A0D2C900BF3339 /* SecondViewController.m */ = {isa = PBXFileReference; fileEncoding = 4; lastKnownFileType = sourcecode.c.objc; path = SecondViewController.m; sourceTree = "<group>"; };
		13ABD2F117A0D2C900BF3339 /* SecondViewController.xib */ = {isa = PBXFileReference; fileEncoding = 4; lastKnownFileType = file.xib; path = SecondViewController.xib; sourceTree = "<group>"; };
		13ABD2F617A0D3AE00BF3339 /* SecondViewController~iPad.xib */ = {isa = PBXFileReference; fileEncoding = 4; lastKnownFileType = file.xib; path = "SecondViewController~iPad.xib"; sourceTree = "<group>"; };
		13ABD2F817A0F29000BF3339 /* icon_refresh.png */ = {isa = PBXFileReference; lastKnownFileType = image.png; path = icon_refresh.png; sourceTree = "<group>"; };
		13ABD2F917A0F29000BF3339 /* icon_refresh@2x.png */ = {isa = PBXFileReference; lastKnownFileType = image.png; path = "icon_refresh@2x.png"; sourceTree = "<group>"; };
		13ABD2FC17A0F4AD00BF3339 /* top_button_disable.png */ = {isa = PBXFileReference; lastKnownFileType = image.png; path = top_button_disable.png; sourceTree = "<group>"; };
		13ABD2FD17A0F4AD00BF3339 /* top_button_disable@2x.png */ = {isa = PBXFileReference; lastKnownFileType = image.png; path = "top_button_disable@2x.png"; sourceTree = "<group>"; };
		13D134CC17A78C0F00C7AD79 /* UntiTest.app */ = {isa = PBXFileReference; explicitFileType = wrapper.application; includeInIndex = 0; path = UntiTest.app; sourceTree = BUILT_PRODUCTS_DIR; };
		13D134D317A78C1000C7AD79 /* UntiTest-Info.plist */ = {isa = PBXFileReference; lastKnownFileType = text.plist.xml; path = "UntiTest-Info.plist"; sourceTree = "<group>"; };
		13D134D517A78C1000C7AD79 /* en */ = {isa = PBXFileReference; lastKnownFileType = text.plist.strings; name = en; path = en.lproj/InfoPlist.strings; sourceTree = "<group>"; };
		13D134D717A78C1000C7AD79 /* main.m */ = {isa = PBXFileReference; lastKnownFileType = sourcecode.c.objc; path = main.m; sourceTree = "<group>"; };
		13D134D917A78C1000C7AD79 /* UntiTest-Prefix.pch */ = {isa = PBXFileReference; lastKnownFileType = sourcecode.c.h; path = "UntiTest-Prefix.pch"; sourceTree = "<group>"; };
		13D134EE17A78CAD00C7AD79 /* TableTest.h */ = {isa = PBXFileReference; fileEncoding = 4; lastKnownFileType = sourcecode.c.h; path = TableTest.h; sourceTree = "<group>"; };
		13D134EF17A78CAD00C7AD79 /* TableTest.m */ = {isa = PBXFileReference; fileEncoding = 4; lastKnownFileType = sourcecode.c.objc; path = TableTest.m; sourceTree = "<group>"; };
		13E5FD8917A63FAC0054A0EE /* button_next_w.png */ = {isa = PBXFileReference; lastKnownFileType = image.png; path = button_next_w.png; sourceTree = "<group>"; };
		13E5FD8A17A63FAC0054A0EE /* button_next_w@2x.png */ = {isa = PBXFileReference; lastKnownFileType = image.png; path = "button_next_w@2x.png"; sourceTree = "<group>"; };
		13E5FD8B17A63FAC0054A0EE /* button_previous_w.png */ = {isa = PBXFileReference; lastKnownFileType = image.png; path = button_previous_w.png; sourceTree = "<group>"; };
		13E5FD8C17A63FAC0054A0EE /* button_previous_w@2x.png */ = {isa = PBXFileReference; lastKnownFileType = image.png; path = "button_previous_w@2x.png"; sourceTree = "<group>"; };
/* End PBXFileReference section */

/* Begin PBXFrameworksBuildPhase section */
		13ABD2BD17A0D28200BF3339 /* Frameworks */ = {
			isa = PBXFrameworksBuildPhase;
			buildActionMask = 2147483647;
			files = (
				13ABD2C517A0D28200BF3339 /* UIKit.framework in Frameworks */,
				13ABD2C717A0D28200BF3339 /* Foundation.framework in Frameworks */,
				13ABD2C917A0D28200BF3339 /* CoreGraphics.framework in Frameworks */,
			);
			runOnlyForDeploymentPostprocessing = 0;
		};
		13D134C917A78C0F00C7AD79 /* Frameworks */ = {
			isa = PBXFrameworksBuildPhase;
			buildActionMask = 2147483647;
			files = (
				130E299217AB473F00553480 /* GHUnitIOS.framework in Frameworks */,
				138812E617A7CE3A002CA59B /* QuartzCore.framework in Frameworks */,
				13D134CE17A78C0F00C7AD79 /* UIKit.framework in Frameworks */,
				13D134CF17A78C0F00C7AD79 /* Foundation.framework in Frameworks */,
				13D134D017A78C0F00C7AD79 /* CoreGraphics.framework in Frameworks */,
			);
			runOnlyForDeploymentPostprocessing = 0;
		};
/* End PBXFrameworksBuildPhase section */

/* Begin PBXGroup section */
		130EE71817A7584D0000A3AF /* images */ = {
			isa = PBXGroup;
			children = (
				1392AE2C17B0FCB5007F2EDD /* box_blue.png */,
				1392AE2D17B0FCB5007F2EDD /* box_blue@2x.png */,
				1392AE2E17B0FCB5007F2EDD /* box_green.png */,
				1392AE2F17B0FCB5007F2EDD /* box_green@2x.png */,
				13E5FD8A17A63FAC0054A0EE /* button_next_w@2x.png */,
				13E5FD8C17A63FAC0054A0EE /* button_previous_w@2x.png */,
				13E5FD8B17A63FAC0054A0EE /* button_previous_w.png */,
				13ABD2FC17A0F4AD00BF3339 /* top_button_disable.png */,
				13E5FD8917A63FAC0054A0EE /* button_next_w.png */,
				13ABD2FD17A0F4AD00BF3339 /* top_button_disable@2x.png */,
				13ABD2F917A0F29000BF3339 /* icon_refresh@2x.png */,
				13ABD2F817A0F29000BF3339 /* icon_refresh.png */,
			);
			name = images;
			sourceTree = "<group>";
		};
		132BE29817A916F500B0299E /* SBJson */ = {
			isa = PBXGroup;
			children = (
				132BE29917A916F500B0299E /* JSON.h */,
				132BE29A17A916F500B0299E /* NSObject+SBJson.h */,
				132BE29B17A916F500B0299E /* NSObject+SBJson.m */,
				132BE29C17A916F500B0299E /* SBJson.h */,
				132BE29D17A916F500B0299E /* SBJsonParser.h */,
				132BE29E17A916F500B0299E /* SBJsonParser.m */,
				132BE29F17A916F500B0299E /* SBJsonStreamParser.h */,
				132BE2A017A916F500B0299E /* SBJsonStreamParser.m */,
				132BE2A117A916F500B0299E /* SBJsonStreamParserAccumulator.h */,
				132BE2A217A916F500B0299E /* SBJsonStreamParserAccumulator.m */,
				132BE2A317A916F500B0299E /* SBJsonStreamParserAdapter.h */,
				132BE2A417A916F500B0299E /* SBJsonStreamParserAdapter.m */,
				132BE2A517A916F500B0299E /* SBJsonStreamParserState.h */,
				132BE2A617A916F500B0299E /* SBJsonStreamParserState.m */,
				132BE2A717A916F500B0299E /* SBJsonStreamWriter.h */,
				132BE2A817A916F500B0299E /* SBJsonStreamWriter.m */,
				132BE2A917A916F500B0299E /* SBJsonStreamWriterAccumulator.h */,
				132BE2AA17A916F500B0299E /* SBJsonStreamWriterAccumulator.m */,
				132BE2AB17A916F500B0299E /* SBJsonStreamWriterState.h */,
				132BE2AC17A916F500B0299E /* SBJsonStreamWriterState.m */,
				132BE2AD17A916F500B0299E /* SBJsonTokeniser.h */,
				132BE2AE17A916F500B0299E /* SBJsonTokeniser.m */,
				132BE2AF17A916F500B0299E /* SBJsonUTF8Stream.h */,
				132BE2B017A916F500B0299E /* SBJsonUTF8Stream.m */,
				132BE2B117A916F500B0299E /* SBJsonWriter.h */,
				132BE2B217A916F500B0299E /* SBJsonWriter.m */,
			);
			path = SBJson;
			sourceTree = "<group>";
		};
		13ABD2B517A0D28200BF3339 = {
			isa = PBXGroup;
			children = (
				130E299117AB473F00553480 /* GHUnitIOS.framework */,
				132BE29817A916F500B0299E /* SBJson */,
				132BE25617A89ECC00B0299E /* Default-568h@2x.png */,
				138812E517A7CE3A002CA59B /* QuartzCore.framework */,
				13ABD2CA17A0D28200BF3339 /* Test */,
				13D134D117A78C0F00C7AD79 /* UntiTest */,
				13ABD2C317A0D28200BF3339 /* Frameworks */,
				13ABD2C117A0D28200BF3339 /* Products */,
			);
			sourceTree = "<group>";
		};
		13ABD2C117A0D28200BF3339 /* Products */ = {
			isa = PBXGroup;
			children = (
				13ABD2C017A0D28200BF3339 /* Test.app */,
				13D134CC17A78C0F00C7AD79 /* UntiTest.app */,
			);
			name = Products;
			sourceTree = "<group>";
		};
		13ABD2C317A0D28200BF3339 /* Frameworks */ = {
			isa = PBXGroup;
			children = (
				13ABD2C417A0D28200BF3339 /* UIKit.framework */,
				13ABD2C617A0D28200BF3339 /* Foundation.framework */,
				13ABD2C817A0D28200BF3339 /* CoreGraphics.framework */,
			);
			name = Frameworks;
			sourceTree = "<group>";
		};
		13ABD2CA17A0D28200BF3339 /* Test */ = {
			isa = PBXGroup;
			children = (
				130EE71817A7584D0000A3AF /* images */,
				1392AE3517B0FDD1007F2EDD /* ListCell.h */,
				1392AE3617B0FDD1007F2EDD /* ListCell.m */,
				1392AE3717B0FDD1007F2EDD /* ListCell.xib */,
				13ABD2D317A0D28200BF3339 /* AppDelegate.h */,
				13ABD2D417A0D28200BF3339 /* AppDelegate.m */,
				13ABD2DC17A0D28200BF3339 /* ViewController.h */,
				13ABD2DD17A0D28200BF3339 /* ViewController.m */,
				134F3ECC17A250720027A888 /* BaseViewController.h */,
				134F3ECD17A250720027A888 /* BaseViewController.m */,
				13ABD2DF17A0D28200BF3339 /* ViewController_iPhone.xib */,
				13ABD2E217A0D28200BF3339 /* ViewController_iPad.xib */,
				13ABD2EF17A0D2C900BF3339 /* SecondViewController.h */,
				13ABD2F017A0D2C900BF3339 /* SecondViewController.m */,
				13ABD2F117A0D2C900BF3339 /* SecondViewController.xib */,
				13ABD2F617A0D3AE00BF3339 /* SecondViewController~iPad.xib */,
				132BE27217A89F8F00B0299E /* UTViewController.h */,
				132BE27317A89F8F00B0299E /* UTViewController.m */,
				132BE27417A89F8F00B0299E /* UTViewController.xib */,
				132BE2C017A9181C00B0299E /* a.txt */,
				13ABD2CB17A0D28200BF3339 /* Supporting Files */,
			);
			path = Test;
			sourceTree = "<group>";
		};
		13ABD2CB17A0D28200BF3339 /* Supporting Files */ = {
			isa = PBXGroup;
			children = (
				13ABD2CC17A0D28200BF3339 /* Test-Info.plist */,
				13ABD2CD17A0D28200BF3339 /* InfoPlist.strings */,
				13ABD2D017A0D28200BF3339 /* main.m */,
				13ABD2D217A0D28200BF3339 /* Test-Prefix.pch */,
				13ABD2D617A0D28200BF3339 /* Default.png */,
				13ABD2D817A0D28200BF3339 /* Default@2x.png */,
				13ABD2DA17A0D28200BF3339 /* Default-568h@2x.png */,
			);
			name = "Supporting Files";
			sourceTree = "<group>";
		};
		13D134D117A78C0F00C7AD79 /* UntiTest */ = {
			isa = PBXGroup;
			children = (
				13D134D217A78C1000C7AD79 /* Supporting Files */,
				13D134EE17A78CAD00C7AD79 /* TableTest.h */,
				13D134EF17A78CAD00C7AD79 /* TableTest.m */,
			);
			path = UntiTest;
			sourceTree = "<group>";
		};
		13D134D217A78C1000C7AD79 /* Supporting Files */ = {
			isa = PBXGroup;
			children = (
				13D134D317A78C1000C7AD79 /* UntiTest-Info.plist */,
				13D134D417A78C1000C7AD79 /* InfoPlist.strings */,
				13D134D717A78C1000C7AD79 /* main.m */,
				13D134D917A78C1000C7AD79 /* UntiTest-Prefix.pch */,
			);
			name = "Supporting Files";
			sourceTree = "<group>";
		};
/* End PBXGroup section */

/* Begin PBXNativeTarget section */
		13ABD2BF17A0D28200BF3339 /* Test */ = {
			isa = PBXNativeTarget;
			buildConfigurationList = 13ABD2E717A0D28200BF3339 /* Build configuration list for PBXNativeTarget "Test" */;
			buildPhases = (
				13ABD2BC17A0D28200BF3339 /* Sources */,
				13ABD2BD17A0D28200BF3339 /* Frameworks */,
				13ABD2BE17A0D28200BF3339 /* Resources */,
				1321D63717AA106D0029C4F1 /* ShellScript */,
			);
			buildRules = (
			);
			dependencies = (
			);
			name = Test;
			productName = Test;
			productReference = 13ABD2C017A0D28200BF3339 /* Test.app */;
			productType = "com.apple.product-type.application";
		};
		13D134CB17A78C0F00C7AD79 /* UntiTest */ = {
			isa = PBXNativeTarget;
			buildConfigurationList = 13D134E517A78C1000C7AD79 /* Build configuration list for PBXNativeTarget "UntiTest" */;
			buildPhases = (
				13D134C817A78C0F00C7AD79 /* Sources */,
				13D134C917A78C0F00C7AD79 /* Frameworks */,
				13D134CA17A78C0F00C7AD79 /* Resources */,
				1321D63817AA115C0029C4F1 /* Run Script */,
			);
			buildRules = (
			);
			dependencies = (
			);
			name = UntiTest;
			productName = UntiTest;
			productReference = 13D134CC17A78C0F00C7AD79 /* UntiTest.app */;
			productType = "com.apple.product-type.application";
		};
/* End PBXNativeTarget section */

/* Begin PBXProject section */
		13ABD2B717A0D28200BF3339 /* Project object */ = {
			isa = PBXProject;
			attributes = {
				LastUpgradeCheck = 0450;
				ORGANIZATIONNAME = kada;
			};
			buildConfigurationList = 13ABD2BA17A0D28200BF3339 /* Build configuration list for PBXProject "Test" */;
			compatibilityVersion = "Xcode 3.2";
			developmentRegion = English;
			hasScannedForEncodings = 0;
			knownRegions = (
				en,
			);
			mainGroup = 13ABD2B517A0D28200BF3339;
			productRefGroup = 13ABD2C117A0D28200BF3339 /* Products */;
			projectDirPath = "";
			projectRoot = "";
			targets = (
				13ABD2BF17A0D28200BF3339 /* Test */,
				13D134CB17A78C0F00C7AD79 /* UntiTest */,
			);
		};
/* End PBXProject section */

/* Begin PBXResourcesBuildPhase section */
		13ABD2BE17A0D28200BF3339 /* Resources */ = {
			isa = PBXResourcesBuildPhase;
			buildActionMask = 2147483647;
			files = (
				13ABD2CF17A0D28200BF3339 /* InfoPlist.strings in Resources */,
				13ABD2D717A0D28200BF3339 /* Default.png in Resources */,
				13ABD2D917A0D28200BF3339 /* Default@2x.png in Resources */,
				13ABD2DB17A0D28200BF3339 /* Default-568h@2x.png in Resources */,
				13ABD2E117A0D28200BF3339 /* ViewController_iPhone.xib in Resources */,
				13ABD2E417A0D28200BF3339 /* ViewController_iPad.xib in Resources */,
				13ABD2F317A0D2C900BF3339 /* SecondViewController.xib in Resources */,
				13ABD2F717A0D3AE00BF3339 /* SecondViewController~iPad.xib in Resources */,
				13ABD2FA17A0F29000BF3339 /* icon_refresh.png in Resources */,
				13ABD2FB17A0F29000BF3339 /* icon_refresh@2x.png in Resources */,
				13ABD2FE17A0F4AD00BF3339 /* top_button_disable.png in Resources */,
				13ABD2FF17A0F4AD00BF3339 /* top_button_disable@2x.png in Resources */,
				13E5FD8D17A63FAC0054A0EE /* button_next_w.png in Resources */,
				13E5FD8E17A63FAC0054A0EE /* button_next_w@2x.png in Resources */,
				13E5FD8F17A63FAC0054A0EE /* button_previous_w.png in Resources */,
				13E5FD9017A63FAC0054A0EE /* button_previous_w@2x.png in Resources */,
				132BE27617A89F8F00B0299E /* UTViewController.xib in Resources */,
				132BE2C117A9181C00B0299E /* a.txt in Resources */,
				1392AE3017B0FCB5007F2EDD /* box_blue.png in Resources */,
				1392AE3117B0FCB5007F2EDD /* box_blue@2x.png in Resources */,
				1392AE3217B0FCB5007F2EDD /* box_green.png in Resources */,
				1392AE3317B0FCB5007F2EDD /* box_green@2x.png in Resources */,
				1392AE3917B0FDD1007F2EDD /* ListCell.xib in Resources */,
			);
			runOnlyForDeploymentPostprocessing = 0;
		};
		13D134CA17A78C0F00C7AD79 /* Resources */ = {
			isa = PBXResourcesBuildPhase;
			buildActionMask = 2147483647;
			files = (
				132BE26417A89F1A00B0299E /* ViewController_iPhone.xib in Resources */,
				132BE26517A89F1A00B0299E /* ViewController_iPad.xib in Resources */,
				132BE26617A89F1A00B0299E /* SecondViewController.xib in Resources */,
				132BE26717A89F1A00B0299E /* SecondViewController~iPad.xib in Resources */,
				132BE26117A89F0F00B0299E /* Default.png in Resources */,
				132BE26217A89F0F00B0299E /* Default@2x.png in Resources */,
				132BE26317A89F0F00B0299E /* Default-568h@2x.png in Resources */,
				132BE25917A89EF400B0299E /* button_next_w@2x.png in Resources */,
				132BE25A17A89EF400B0299E /* button_previous_w@2x.png in Resources */,
				132BE25B17A89EF400B0299E /* button_previous_w.png in Resources */,
				132BE25C17A89EF400B0299E /* top_button_disable.png in Resources */,
				132BE25D17A89EF400B0299E /* button_next_w.png in Resources */,
				132BE25E17A89EF400B0299E /* top_button_disable@2x.png in Resources */,
				132BE25F17A89EF400B0299E /* icon_refresh@2x.png in Resources */,
				132BE26017A89EF400B0299E /* icon_refresh.png in Resources */,
				13D134D617A78C1000C7AD79 /* InfoPlist.strings in Resources */,
				132BE25717A89ECC00B0299E /* Default-568h@2x.png in Resources */,
			);
			runOnlyForDeploymentPostprocessing = 0;
		};
/* End PBXResourcesBuildPhase section */

/* Begin PBXShellScriptBuildPhase section */
		1321D63717AA106D0029C4F1 /* ShellScript */ = {
			isa = PBXShellScriptBuildPhase;
			buildActionMask = 2147483647;
			files = (
			);
			inputPaths = (
			);
			outputPaths = (
			);
			runOnlyForDeploymentPostprocessing = 0;
			shellPath = /bin/sh;
			shellScript = "";
		};
		1321D63817AA115C0029C4F1 /* Run Script */ = {
			isa = PBXShellScriptBuildPhase;
			buildActionMask = 2147483647;
			files = (
			);
			inputPaths = (
			);
			name = "Run Script";
			outputPaths = (
			);
			runOnlyForDeploymentPostprocessing = 0;
			shellPath = /bin/sh;
			shellScript = XcodeCoverage/exportenv.sh;
		};
/* End PBXShellScriptBuildPhase section */

/* Begin PBXSourcesBuildPhase section */
		13ABD2BC17A0D28200BF3339 /* Sources */ = {
			isa = PBXSourcesBuildPhase;
			buildActionMask = 2147483647;
			files = (
				13ABD2D117A0D28200BF3339 /* main.m in Sources */,
				13ABD2D517A0D28200BF3339 /* AppDelegate.m in Sources */,
				13ABD2DE17A0D28200BF3339 /* ViewController.m in Sources */,
				13ABD2F217A0D2C900BF3339 /* SecondViewController.m in Sources */,
				134F3ECF17A250720027A888 /* BaseViewController.m in Sources */,
				132BE27517A89F8F00B0299E /* UTViewController.m in Sources */,
				132BE2B317A916F500B0299E /* NSObject+SBJson.m in Sources */,
				132BE2B417A916F500B0299E /* SBJsonParser.m in Sources */,
				132BE2B517A916F500B0299E /* SBJsonStreamParser.m in Sources */,
				132BE2B617A916F500B0299E /* SBJsonStreamParserAccumulator.m in Sources */,
				132BE2B717A916F500B0299E /* SBJsonStreamParserAdapter.m in Sources */,
				132BE2B817A916F500B0299E /* SBJsonStreamParserState.m in Sources */,
				132BE2B917A916F500B0299E /* SBJsonStreamWriter.m in Sources */,
				132BE2BA17A916F500B0299E /* SBJsonStreamWriterAccumulator.m in Sources */,
				132BE2BB17A916F500B0299E /* SBJsonStreamWriterState.m in Sources */,
				132BE2BC17A916F500B0299E /* SBJsonTokeniser.m in Sources */,
				132BE2BD17A916F500B0299E /* SBJsonUTF8Stream.m in Sources */,
				132BE2BE17A916F500B0299E /* SBJsonWriter.m in Sources */,
				1392AE3817B0FDD1007F2EDD /* ListCell.m in Sources */,
			);
			runOnlyForDeploymentPostprocessing = 0;
		};
		13D134C817A78C0F00C7AD79 /* Sources */ = {
			isa = PBXSourcesBuildPhase;
			buildActionMask = 2147483647;
			files = (
				138812E817A7CE73002CA59B /* ViewController.h in Sources */,
				138812E917A7CE73002CA59B /* ViewController.m in Sources */,
				138812EA17A7CE73002CA59B /* BaseViewController.h in Sources */,
				138812EB17A7CE73002CA59B /* BaseViewController.m in Sources */,
				138812EC17A7CE73002CA59B /* SecondViewController.h in Sources */,
				138812ED17A7CE73002CA59B /* SecondViewController.m in Sources */,
				13D134D817A78C1000C7AD79 /* main.m in Sources */,
				13D134F017A78CAD00C7AD79 /* TableTest.m in Sources */,
			);
			runOnlyForDeploymentPostprocessing = 0;
		};
/* End PBXSourcesBuildPhase section */

/* Begin PBXVariantGroup section */
		13ABD2CD17A0D28200BF3339 /* InfoPlist.strings */ = {
			isa = PBXVariantGroup;
			children = (
				13ABD2CE17A0D28200BF3339 /* en */,
			);
			name = InfoPlist.strings;
			sourceTree = "<group>";
		};
		13ABD2DF17A0D28200BF3339 /* ViewController_iPhone.xib */ = {
			isa = PBXVariantGroup;
			children = (
				13ABD2E017A0D28200BF3339 /* en */,
			);
			name = ViewController_iPhone.xib;
			sourceTree = "<group>";
		};
		13ABD2E217A0D28200BF3339 /* ViewController_iPad.xib */ = {
			isa = PBXVariantGroup;
			children = (
				13ABD2E317A0D28200BF3339 /* en */,
			);
			name = ViewController_iPad.xib;
			sourceTree = "<group>";
		};
		13D134D417A78C1000C7AD79 /* InfoPlist.strings */ = {
			isa = PBXVariantGroup;
			children = (
				13D134D517A78C1000C7AD79 /* en */,
			);
			name = InfoPlist.strings;
			sourceTree = "<group>";
		};
/* End PBXVariantGroup section */

/* Begin XCBuildConfiguration section */
		13ABD2E517A0D28200BF3339 /* Debug */ = {
			isa = XCBuildConfiguration;
			buildSettings = {
				ALWAYS_SEARCH_USER_PATHS = NO;
				CLANG_CXX_LANGUAGE_STANDARD = "gnu++0x";
				CLANG_CXX_LIBRARY = "libc++";
				CLANG_WARN_EMPTY_BODY = YES;
				CLANG_WARN__DUPLICATE_METHOD_MATCH = YES;
				"CODE_SIGN_IDENTITY[sdk=iphoneos*]" = "iPhone Developer";
				COPY_PHASE_STRIP = NO;
				GCC_C_LANGUAGE_STANDARD = gnu99;
				GCC_DYNAMIC_NO_PIC = NO;
				GCC_GENERATE_TEST_COVERAGE_FILES = YES;
				GCC_INSTRUMENT_PROGRAM_FLOW_ARCS = YES;
				GCC_OPTIMIZATION_LEVEL = 0;
				GCC_PREPROCESSOR_DEFINITIONS = (
					"DEBUG=1",
					"$(inherited)",
				);
				GCC_SYMBOLS_PRIVATE_EXTERN = NO;
				GCC_WARN_ABOUT_RETURN_TYPE = YES;
				GCC_WARN_UNINITIALIZED_AUTOS = YES;
				GCC_WARN_UNUSED_VARIABLE = YES;
				IPHONEOS_DEPLOYMENT_TARGET = 4.3;
				SDKROOT = iphoneos;
				TARGETED_DEVICE_FAMILY = "1,2";
			};
			name = Debug;
		};
		13ABD2E617A0D28200BF3339 /* Release */ = {
			isa = XCBuildConfiguration;
			buildSettings = {
				ALWAYS_SEARCH_USER_PATHS = NO;
				CLANG_CXX_LANGUAGE_STANDARD = "gnu++0x";
				CLANG_CXX_LIBRARY = "libc++";
				CLANG_WARN_EMPTY_BODY = YES;
				CLANG_WARN__DUPLICATE_METHOD_MATCH = YES;
				"CODE_SIGN_IDENTITY[sdk=iphoneos*]" = "iPhone Developer";
				COPY_PHASE_STRIP = YES;
				GCC_C_LANGUAGE_STANDARD = gnu99;
				GCC_GENERATE_TEST_COVERAGE_FILES = NO;
				GCC_INSTRUMENT_PROGRAM_FLOW_ARCS = NO;
				GCC_WARN_ABOUT_RETURN_TYPE = YES;
				GCC_WARN_UNINITIALIZED_AUTOS = YES;
				GCC_WARN_UNUSED_VARIABLE = YES;
				IPHONEOS_DEPLOYMENT_TARGET = 4.3;
				OTHER_CFLAGS = "-DNS_BLOCK_ASSERTIONS=1";
				SDKROOT = iphoneos;
				TARGETED_DEVICE_FAMILY = "1,2";
				VALIDATE_PRODUCT = YES;
			};
			name = Release;
		};
		13ABD2E817A0D28200BF3339 /* Debug */ = {
			isa = XCBuildConfiguration;
			buildSettings = {
				GCC_GENERATE_TEST_COVERAGE_FILES = YES;
				GCC_INSTRUMENT_PROGRAM_FLOW_ARCS = YES;
				GCC_PRECOMPILE_PREFIX_HEADER = YES;
				GCC_PREFIX_HEADER = "Test/Test-Prefix.pch";
				INFOPLIST_FILE = "Test/Test-Info.plist";
				LIBRARY_SEARCH_PATHS = (
					"$(inherited)",
					"\"$(SRCROOT)/Libraries\"",
				);
				PRODUCT_NAME = "$(TARGET_NAME)";
				WRAPPER_EXTENSION = app;
			};
			name = Debug;
		};
		13ABD2E917A0D28200BF3339 /* Release */ = {
			isa = XCBuildConfiguration;
			buildSettings = {
				GCC_GENERATE_TEST_COVERAGE_FILES = YES;
				GCC_INSTRUMENT_PROGRAM_FLOW_ARCS = YES;
				GCC_PRECOMPILE_PREFIX_HEADER = YES;
				GCC_PREFIX_HEADER = "Test/Test-Prefix.pch";
				INFOPLIST_FILE = "Test/Test-Info.plist";
				LIBRARY_SEARCH_PATHS = (
					"$(inherited)",
					"\"$(SRCROOT)/Libraries\"",
				);
				PRODUCT_NAME = "$(TARGET_NAME)";
				WRAPPER_EXTENSION = app;
			};
			name = Release;
		};
		13D134E317A78C1000C7AD79 /* Debug */ = {
			isa = XCBuildConfiguration;
			buildSettings = {
				"CODE_SIGN_IDENTITY[sdk=iphoneos*]" = "iPhone Developer";
				FRAMEWORK_SEARCH_PATHS = (
					"$(inherited)",
					"\"$(SRCROOT)/..\"",
					"\"$(SRCROOT)\"",
				);
				GCC_GENERATE_TEST_COVERAGE_FILES = YES;
				GCC_INSTRUMENT_PROGRAM_FLOW_ARCS = YES;
				GCC_PRECOMPILE_PREFIX_HEADER = YES;
				GCC_PREFIX_HEADER = "UntiTest/UntiTest-Prefix.pch";
				INFOPLIST_FILE = "UntiTest/UntiTest-Info.plist";
				IPHONEOS_DEPLOYMENT_TARGET = 4.3;
				LIBRARY_SEARCH_PATHS = (
					"$(inherited)",
					"\"$(SRCROOT)/..\"",
					"\"$(SRCROOT)\"",
				);
				OTHER_LDFLAGS = (
					"-ObjC",
					"-all_load",
				);
				PRODUCT_NAME = "$(TARGET_NAME)";
				WRAPPER_EXTENSION = app;
			};
			name = Debug;
		};
		13D134E417A78C1000C7AD79 /* Release */ = {
			isa = XCBuildConfiguration;
			buildSettings = {
				"CODE_SIGN_IDENTITY[sdk=iphoneos*]" = "iPhone Developer";
				FRAMEWORK_SEARCH_PATHS = (
					"$(inherited)",
					"\"$(SRCROOT)/..\"",
					"\"$(SRCROOT)\"",
				);
				GCC_GENERATE_TEST_COVERAGE_FILES = YES;
				GCC_INSTRUMENT_PROGRAM_FLOW_ARCS = YES;
				GCC_PRECOMPILE_PREFIX_HEADER = YES;
				GCC_PREFIX_HEADER = "UntiTest/UntiTest-Prefix.pch";
				INFOPLIST_FILE = "UntiTest/UntiTest-Info.plist";
				IPHONEOS_DEPLOYMENT_TARGET = 4.3;
				LIBRARY_SEARCH_PATHS = (
					"$(inherited)",
					"\"$(SRCROOT)/..\"",
					"\"$(SRCROOT)\"",
				);
				OTHER_LDFLAGS = (
					"-ObjC",
					"-all_load",
				);
				PRODUCT_NAME = "$(TARGET_NAME)";
				WRAPPER_EXTENSION = app;
			};
			name = Release;
		};
/* End XCBuildConfiguration section */

/* Begin XCConfigurationList section */
		13ABD2BA17A0D28200BF3339 /* Build configuration list for PBXProject "Test" */ = {
			isa = XCConfigurationList;
			buildConfigurations = (
				13ABD2E517A0D28200BF3339 /* Debug */,
				13ABD2E617A0D28200BF3339 /* Release */,
			);
			defaultConfigurationIsVisible = 0;
			defaultConfigurationName = Release;
		};
		13ABD2E717A0D28200BF3339 /* Build configuration list for PBXNativeTarget "Test" */ = {
			isa = XCConfigurationList;
			buildConfigurations = (
				13ABD2E817A0D28200BF3339 /* Debug */,
				13ABD2E917A0D28200BF3339 /* Release */,
			);
			defaultConfigurationIsVisible = 0;
			defaultConfigurationName = Release;
		};
		13D134E517A78C1000C7AD79 /* Build configuration list for PBXNativeTarget "UntiTest" */ = {
			isa = XCConfigurationList;
			buildConfigurations = (
				13D134E317A78C1000C7AD79 /* Debug */,
				13D134E417A78C1000C7AD79 /* Release */,
			);
			defaultConfigurationIsVisible = 0;
			defaultConfigurationName = Release;
		};
/* End XCConfigurationList section */
	};
	rootObject = 13ABD2B717A0D28200BF3339 /* Project object */;
}
